
Microsoft Visual Studio Solution File, Format Version 12.00
# Visual Studio 15
VisualStudioVersion = 15.0.28307.168
MinimumVisualStudioVersion = 10.0.40219.1
Project("{FAE04EC0-301F-11D3-BF4B-00C04F79EFBC}") = "DanceDLL", "DanceDLL\DanceDLL.csproj", "{70198160-478B-40D6-8ACD-DE050E09029F}"
EndProject
Global
	GlobalSection(SolutionConfigurationPlatforms) = preSolution
		Debug|Any CPU = Debug|Any CPU
		Release|Any CPU = Release|Any CPU
	EndGlobalSection
	GlobalSection(ProjectConfigurationPlatforms) = postSolution
		{70198160-478B-40D6-8ACD-DE050E09029F}.Debug|Any CPU.ActiveCfg = Debug|Any CPU
		{70198160-478B-40D6-8ACD-DE050E09029F}.Debug|Any CPU.Build.0 = Debug|Any CPU
		{70198160-478B-40D6-8ACD-DE050E09029F}.Release|Any CPU.ActiveCfg = Release|Any CPU
		{70198160-478B-40D6-8ACD-DE050E09029F}.Release|Any CPU.Build.0 = Release|Any CPU
	EndGlobalSection
	GlobalSection(SolutionProperties) = preSolution
		HideSolutionNode = FALSE
	EndGlobalSection
	GlobalSection(ExtensibilityGlobals) = postSolution
		SolutionGuid = {64226159-610E-4668-8BA4-F0B96C1B63A9}
	EndGlobalSection
EndGlobal
